
Microsoft Visual Studio Solution File, Format Version 12.00
# Visual Studio Version 17
VisualStudioVersion = 17.9.34728.123
MinimumVisualStudioVersion = 10.0.40219.1
Project("{8BC9CEB8-8B4A-11D0-8D11-00A0C91BC942}") = "CPlusPW8", "CPlusPW8\CPlusPW8.vcxproj", "{F5A08467-1CCA-4B25-A900-9F3F4F1C0E02}"
EndProject
Project("{8BC9CEB8-8B4A-11D0-8D11-00A0C91BC942}") = "DynamicLib", "DynamicLib\DynamicLib.vcxproj", "{64A5D353-79C2-41E1-8FA1-F920B1F62A52}"
EndProject
Global
	GlobalSection(SolutionConfigurationPlatforms) = preSolution
		Debug|x64 = Debug|x64
		Debug|x86 = Debug|x86
		Release|x64 = Release|x64
		Release|x86 = Release|x86
	EndGlobalSection
	GlobalSection(ProjectConfigurationPlatforms) = postSolution
		{F5A08467-1CCA-4B25-A900-9F3F4F1C0E02}.Debug|x64.ActiveCfg = Debug|x64
		{F5A08467-1CCA-4B25-A900-9F3F4F1C0E02}.Debug|x64.Build.0 = Debug|x64
		{F5A08467-1CCA-4B25-A900-9F3F4F1C0E02}.Debug|x86.ActiveCfg = Debug|Win32
		{F5A08467-1CCA-4B25-A900-9F3F4F1C0E02}.Debug|x86.Build.0 = Debug|Win32
		{F5A08467-1CCA-4B25-A900-9F3F4F1C0E02}.Release|x64.ActiveCfg = Release|x64
		{F5A08467-1CCA-4B25-A900-9F3F4F1C0E02}.Release|x64.Build.0 = Release|x64
		{F5A08467-1CCA-4B25-A900-9F3F4F1C0E02}.Release|x86.ActiveCfg = Release|Win32
		{F5A08467-1CCA-4B25-A900-9F3F4F1C0E02}.Release|x86.Build.0 = Release|Win32
		{64A5D353-79C2-41E1-8FA1-F920B1F62A52}.Debug|x64.ActiveCfg = Debug|x64
		{64A5D353-79C2-41E1-8FA1-F920B1F62A52}.Debug|x64.Build.0 = Debug|x64
		{64A5D353-79C2-41E1-8FA1-F920B1F62A52}.Debug|x86.ActiveCfg = Debug|Win32
		{64A5D353-79C2-41E1-8FA1-F920B1F62A52}.Debug|x86.Build.0 = Debug|Win32
		{64A5D353-79C2-41E1-8FA1-F920B1F62A52}.Release|x64.ActiveCfg = Release|x64
		{64A5D353-79C2-41E1-8FA1-F920B1F62A52}.Release|x64.Build.0 = Release|x64
		{64A5D353-79C2-41E1-8FA1-F920B1F62A52}.Release|x86.ActiveCfg = Release|Win32
		{64A5D353-79C2-41E1-8FA1-F920B1F62A52}.Release|x86.Build.0 = Release|Win32
	EndGlobalSection
	GlobalSection(SolutionProperties) = preSolution
		HideSolutionNode = FALSE
	EndGlobalSection
	GlobalSection(ExtensibilityGlobals) = postSolution
		SolutionGuid = {0E8852D6-2E67-4CAE-81CA-8B8D5BEF7248}
	EndGlobalSection
EndGlobal
